
Microsoft Visual Studio Solution File, Format Version 12.00
# Visual Studio Version 16
VisualStudioVersion = 16.0.33529.622
MinimumVisualStudioVersion = 10.0.40219.1
Project("{FAE04EC0-301F-11D3-BF4B-00C04F79EFBC}") = "faktoryel", "faktoryel.csproj", "{A55D157C-1BED-4D16-8D2D-2E5C703DC2C9}"
EndProject
Project("{FAE04EC0-301F-11D3-BF4B-00C04F79EFBC}") = "vize_final", "..\vize_final\vize_final.csproj", "{C39B5A1E-0DE4-45EC-B3F9-84EDCF36D6F6}"
EndProject
Project("{FAE04EC0-301F-11D3-BF4B-00C04F79EFBC}") = "Fibonacci", "..\Fibonacci\Fibonacci.csproj", "{AA18DE31-1920-472D-A3E6-5BAD679779A7}"
EndProject
Project("{FAE04EC0-301F-11D3-BF4B-00C04F79EFBC}") = "AsalMi", "..\AsalMi\AsalMi.csproj", "{9E8A792F-95EF-4703-BA9A-83694838E906}"
EndProject
Project("{FAE04EC0-301F-11D3-BF4B-00C04F79EFBC}") = "class_daire", "..\class_daire\class_daire.csproj", "{34807CCB-E474-4EE4-8C82-EA7A0378DF21}"
EndProject
Project("{FAE04EC0-301F-11D3-BF4B-00C04F79EFBC}") = "KonsolEkrani", "..\KonsolEkrani\KonsolEkrani.csproj", "{1C58714A-D662-4DA4-AC57-BD6DD26998B7}"
EndProject
Global
	GlobalSection(SolutionConfigurationPlatforms) = preSolution
		Debug|Any CPU = Debug|Any CPU
		Release|Any CPU = Release|Any CPU
	EndGlobalSection
	GlobalSection(ProjectConfigurationPlatforms) = postSolution
		{A55D157C-1BED-4D16-8D2D-2E5C703DC2C9}.Debug|Any CPU.ActiveCfg = Debug|Any CPU
		{A55D157C-1BED-4D16-8D2D-2E5C703DC2C9}.Debug|Any CPU.Build.0 = Debug|Any CPU
		{A55D157C-1BED-4D16-8D2D-2E5C703DC2C9}.Release|Any CPU.ActiveCfg = Release|Any CPU
		{A55D157C-1BED-4D16-8D2D-2E5C703DC2C9}.Release|Any CPU.Build.0 = Release|Any CPU
		{C39B5A1E-0DE4-45EC-B3F9-84EDCF36D6F6}.Debug|Any CPU.ActiveCfg = Debug|Any CPU
		{C39B5A1E-0DE4-45EC-B3F9-84EDCF36D6F6}.Debug|Any CPU.Build.0 = Debug|Any CPU
		{C39B5A1E-0DE4-45EC-B3F9-84EDCF36D6F6}.Release|Any CPU.ActiveCfg = Release|Any CPU
		{C39B5A1E-0DE4-45EC-B3F9-84EDCF36D6F6}.Release|Any CPU.Build.0 = Release|Any CPU
		{AA18DE31-1920-472D-A3E6-5BAD679779A7}.Debug|Any CPU.ActiveCfg = Debug|Any CPU
		{AA18DE31-1920-472D-A3E6-5BAD679779A7}.Debug|Any CPU.Build.0 = Debug|Any CPU
		{AA18DE31-1920-472D-A3E6-5BAD679779A7}.Release|Any CPU.ActiveCfg = Release|Any CPU
		{AA18DE31-1920-472D-A3E6-5BAD679779A7}.Release|Any CPU.Build.0 = Release|Any CPU
		{9E8A792F-95EF-4703-BA9A-83694838E906}.Debug|Any CPU.ActiveCfg = Debug|Any CPU
		{9E8A792F-95EF-4703-BA9A-83694838E906}.Debug|Any CPU.Build.0 = Debug|Any CPU
		{9E8A792F-95EF-4703-BA9A-83694838E906}.Release|Any CPU.ActiveCfg = Release|Any CPU
		{9E8A792F-95EF-4703-BA9A-83694838E906}.Release|Any CPU.Build.0 = Release|Any CPU
		{34807CCB-E474-4EE4-8C82-EA7A0378DF21}.Debug|Any CPU.ActiveCfg = Debug|Any CPU
		{34807CCB-E474-4EE4-8C82-EA7A0378DF21}.Debug|Any CPU.Build.0 = Debug|Any CPU
		{34807CCB-E474-4EE4-8C82-EA7A0378DF21}.Release|Any CPU.ActiveCfg = Release|Any CPU
		{34807CCB-E474-4EE4-8C82-EA7A0378DF21}.Release|Any CPU.Build.0 = Release|Any CPU
		{1C58714A-D662-4DA4-AC57-BD6DD26998B7}.Debug|Any CPU.ActiveCfg = Debug|Any CPU
		{1C58714A-D662-4DA4-AC57-BD6DD26998B7}.Debug|Any CPU.Build.0 = Debug|Any CPU
		{1C58714A-D662-4DA4-AC57-BD6DD26998B7}.Release|Any CPU.ActiveCfg = Release|Any CPU
		{1C58714A-D662-4DA4-AC57-BD6DD26998B7}.Release|Any CPU.Build.0 = Release|Any CPU
	EndGlobalSection
	GlobalSection(SolutionProperties) = preSolution
		HideSolutionNode = FALSE
	EndGlobalSection
	GlobalSection(ExtensibilityGlobals) = postSolution
		SolutionGuid = {9ED0E96D-B85B-4D00-A1AC-CE04A76A33F6}
	EndGlobalSection
EndGlobal
